
Microsoft Visual Studio Solution File, Format Version 12.00
# Visual Studio Version 16
VisualStudioVersion = 16.0.30128.36
MinimumVisualStudioVersion = 10.0.40219.1
Project("{6EC3EE1D-3C4E-46DD-8F32-0CC8E7565705}") = "Tools.NUnitTests", "Tools.NUnitTests\Tools.NUnitTests.fsproj", "{011B3655-25D3-430F-88C6-41E110313F57}"
EndProject
Project("{2150E333-8FDC-42A3-9474-1A3956D46DE8}") = "test", "test", "{17C8E823-B63A-4C95-B846-B2B1C78D054C}"
EndProject
Project("{6EC3EE1D-3C4E-46DD-8F32-0CC8E7565705}") = "Trade.NUnitTests", "Trade.NUnitTests\Trade.NUnitTests.fsproj", "{2528A0D9-E290-47A0-9304-DDDC45E3D6DE}"
EndProject
Project("{2150E333-8FDC-42A3-9474-1A3956D46DE8}") = "src", "src", "{ECB55A30-C779-46CA-A0DC-F4F4D370C2B1}"
EndProject
Project("{6EC3EE1D-3C4E-46DD-8F32-0CC8E7565705}") = "Holding", "src\Holdings\Holding.fsproj", "{7B63111A-882A-4636-A29E-B83F1196B71B}"
EndProject
Project("{6EC3EE1D-3C4E-46DD-8F32-0CC8E7565705}") = "MarketData", "src\MarketData\MarketData.fsproj", "{192DB159-23AF-455C-BFDE-D02A121AB582}"
EndProject
Project("{6EC3EE1D-3C4E-46DD-8F32-0CC8E7565705}") = "Math", "src\Math\Math.fsproj", "{8E8D98DF-9FD2-416D-ABB0-74C9EAFD2267}"
EndProject
Project("{6EC3EE1D-3C4E-46DD-8F32-0CC8E7565705}") = "Portfolio", "src\Portfolio\Portfolio.fsproj", "{B4D1B84C-AB42-458B-85B9-C32E9E892795}"
EndProject
Project("{6EC3EE1D-3C4E-46DD-8F32-0CC8E7565705}") = "PricingEngine", "src\PricingEngine\PricingEngine.fsproj", "{AE5ED493-2F8C-4D7A-9FA6-E6A9590D9013}"
EndProject
Project("{6EC3EE1D-3C4E-46DD-8F32-0CC8E7565705}") = "Security", "src\Securities\Security.fsproj", "{139FAC1E-7310-4AF7-8815-BC26577165E3}"
EndProject
Project("{6EC3EE1D-3C4E-46DD-8F32-0CC8E7565705}") = "Tools", "src\Tools\Tools.fsproj", "{AAC3F0A3-DFFD-4124-B71E-3A1285CAE29C}"
EndProject
Project("{6EC3EE1D-3C4E-46DD-8F32-0CC8E7565705}") = "Trade", "src\Trade\Trade.fsproj", "{44E80C5C-9A38-47C2-9692-06CCC38501D0}"
EndProject
Project("{6EC3EE1D-3C4E-46DD-8F32-0CC8E7565705}") = "Underlying", "src\Underlying\Underlying.fsproj", "{75142968-2A26-45A7-B2C9-4D8FC0F1FBF2}"
EndProject
Global
	GlobalSection(SolutionConfigurationPlatforms) = preSolution
		Debug|Any CPU = Debug|Any CPU
		Release|Any CPU = Release|Any CPU
	EndGlobalSection
	GlobalSection(ProjectConfigurationPlatforms) = postSolution
		{011B3655-25D3-430F-88C6-41E110313F57}.Debug|Any CPU.ActiveCfg = Debug|Any CPU
		{011B3655-25D3-430F-88C6-41E110313F57}.Debug|Any CPU.Build.0 = Debug|Any CPU
		{011B3655-25D3-430F-88C6-41E110313F57}.Release|Any CPU.ActiveCfg = Release|Any CPU
		{011B3655-25D3-430F-88C6-41E110313F57}.Release|Any CPU.Build.0 = Release|Any CPU
		{2528A0D9-E290-47A0-9304-DDDC45E3D6DE}.Debug|Any CPU.ActiveCfg = Debug|Any CPU
		{2528A0D9-E290-47A0-9304-DDDC45E3D6DE}.Debug|Any CPU.Build.0 = Debug|Any CPU
		{2528A0D9-E290-47A0-9304-DDDC45E3D6DE}.Release|Any CPU.ActiveCfg = Release|Any CPU
		{2528A0D9-E290-47A0-9304-DDDC45E3D6DE}.Release|Any CPU.Build.0 = Release|Any CPU
		{7B63111A-882A-4636-A29E-B83F1196B71B}.Debug|Any CPU.ActiveCfg = Debug|Any CPU
		{7B63111A-882A-4636-A29E-B83F1196B71B}.Debug|Any CPU.Build.0 = Debug|Any CPU
		{7B63111A-882A-4636-A29E-B83F1196B71B}.Release|Any CPU.ActiveCfg = Release|Any CPU
		{7B63111A-882A-4636-A29E-B83F1196B71B}.Release|Any CPU.Build.0 = Release|Any CPU
		{192DB159-23AF-455C-BFDE-D02A121AB582}.Debug|Any CPU.ActiveCfg = Debug|Any CPU
		{192DB159-23AF-455C-BFDE-D02A121AB582}.Debug|Any CPU.Build.0 = Debug|Any CPU
		{192DB159-23AF-455C-BFDE-D02A121AB582}.Release|Any CPU.ActiveCfg = Release|Any CPU
		{192DB159-23AF-455C-BFDE-D02A121AB582}.Release|Any CPU.Build.0 = Release|Any CPU
		{8E8D98DF-9FD2-416D-ABB0-74C9EAFD2267}.Debug|Any CPU.ActiveCfg = Debug|Any CPU
		{8E8D98DF-9FD2-416D-ABB0-74C9EAFD2267}.Debug|Any CPU.Build.0 = Debug|Any CPU
		{8E8D98DF-9FD2-416D-ABB0-74C9EAFD2267}.Release|Any CPU.ActiveCfg = Release|Any CPU
		{8E8D98DF-9FD2-416D-ABB0-74C9EAFD2267}.Release|Any CPU.Build.0 = Release|Any CPU
		{B4D1B84C-AB42-458B-85B9-C32E9E892795}.Debug|Any CPU.ActiveCfg = Debug|Any CPU
		{B4D1B84C-AB42-458B-85B9-C32E9E892795}.Debug|Any CPU.Build.0 = Debug|Any CPU
		{B4D1B84C-AB42-458B-85B9-C32E9E892795}.Release|Any CPU.ActiveCfg = Release|Any CPU
		{B4D1B84C-AB42-458B-85B9-C32E9E892795}.Release|Any CPU.Build.0 = Release|Any CPU
		{AE5ED493-2F8C-4D7A-9FA6-E6A9590D9013}.Debug|Any CPU.ActiveCfg = Debug|Any CPU
		{AE5ED493-2F8C-4D7A-9FA6-E6A9590D9013}.Debug|Any CPU.Build.0 = Debug|Any CPU
		{AE5ED493-2F8C-4D7A-9FA6-E6A9590D9013}.Release|Any CPU.ActiveCfg = Release|Any CPU
		{AE5ED493-2F8C-4D7A-9FA6-E6A9590D9013}.Release|Any CPU.Build.0 = Release|Any CPU
		{139FAC1E-7310-4AF7-8815-BC26577165E3}.Debug|Any CPU.ActiveCfg = Debug|Any CPU
		{139FAC1E-7310-4AF7-8815-BC26577165E3}.Debug|Any CPU.Build.0 = Debug|Any CPU
		{139FAC1E-7310-4AF7-8815-BC26577165E3}.Release|Any CPU.ActiveCfg = Release|Any CPU
		{139FAC1E-7310-4AF7-8815-BC26577165E3}.Release|Any CPU.Build.0 = Release|Any CPU
		{AAC3F0A3-DFFD-4124-B71E-3A1285CAE29C}.Debug|Any CPU.ActiveCfg = Debug|Any CPU
		{AAC3F0A3-DFFD-4124-B71E-3A1285CAE29C}.Debug|Any CPU.Build.0 = Debug|Any CPU
		{AAC3F0A3-DFFD-4124-B71E-3A1285CAE29C}.Release|Any CPU.ActiveCfg = Release|Any CPU
		{AAC3F0A3-DFFD-4124-B71E-3A1285CAE29C}.Release|Any CPU.Build.0 = Release|Any CPU
		{44E80C5C-9A38-47C2-9692-06CCC38501D0}.Debug|Any CPU.ActiveCfg = Debug|Any CPU
		{44E80C5C-9A38-47C2-9692-06CCC38501D0}.Debug|Any CPU.Build.0 = Debug|Any CPU
		{44E80C5C-9A38-47C2-9692-06CCC38501D0}.Release|Any CPU.ActiveCfg = Release|Any CPU
		{44E80C5C-9A38-47C2-9692-06CCC38501D0}.Release|Any CPU.Build.0 = Release|Any CPU
		{75142968-2A26-45A7-B2C9-4D8FC0F1FBF2}.Debug|Any CPU.ActiveCfg = Debug|Any CPU
		{75142968-2A26-45A7-B2C9-4D8FC0F1FBF2}.Debug|Any CPU.Build.0 = Debug|Any CPU
		{75142968-2A26-45A7-B2C9-4D8FC0F1FBF2}.Release|Any CPU.ActiveCfg = Release|Any CPU
		{75142968-2A26-45A7-B2C9-4D8FC0F1FBF2}.Release|Any CPU.Build.0 = Release|Any CPU
	EndGlobalSection
	GlobalSection(SolutionProperties) = preSolution
		HideSolutionNode = FALSE
	EndGlobalSection
	GlobalSection(NestedProjects) = preSolution
		{011B3655-25D3-430F-88C6-41E110313F57} = {17C8E823-B63A-4C95-B846-B2B1C78D054C}
		{2528A0D9-E290-47A0-9304-DDDC45E3D6DE} = {17C8E823-B63A-4C95-B846-B2B1C78D054C}
		{7B63111A-882A-4636-A29E-B83F1196B71B} = {ECB55A30-C779-46CA-A0DC-F4F4D370C2B1}
		{192DB159-23AF-455C-BFDE-D02A121AB582} = {ECB55A30-C779-46CA-A0DC-F4F4D370C2B1}
		{8E8D98DF-9FD2-416D-ABB0-74C9EAFD2267} = {ECB55A30-C779-46CA-A0DC-F4F4D370C2B1}
		{B4D1B84C-AB42-458B-85B9-C32E9E892795} = {ECB55A30-C779-46CA-A0DC-F4F4D370C2B1}
		{AE5ED493-2F8C-4D7A-9FA6-E6A9590D9013} = {ECB55A30-C779-46CA-A0DC-F4F4D370C2B1}
		{139FAC1E-7310-4AF7-8815-BC26577165E3} = {ECB55A30-C779-46CA-A0DC-F4F4D370C2B1}
		{AAC3F0A3-DFFD-4124-B71E-3A1285CAE29C} = {ECB55A30-C779-46CA-A0DC-F4F4D370C2B1}
		{44E80C5C-9A38-47C2-9692-06CCC38501D0} = {ECB55A30-C779-46CA-A0DC-F4F4D370C2B1}
		{75142968-2A26-45A7-B2C9-4D8FC0F1FBF2} = {ECB55A30-C779-46CA-A0DC-F4F4D370C2B1}
	EndGlobalSection
	GlobalSection(ExtensibilityGlobals) = postSolution
		SolutionGuid = {123185D5-A7DB-4F68-A9A5-766ED9CF35A9}
	EndGlobalSection
EndGlobal
